// !$*UTF8*$!
{
	archiveVersion = 1;
	classes = {
	};
	objectVersion = 77;
	objects = {

/* Begin PBXBuildFile section */
		FE981DD32CB95BE1002294A3 /* HotwireNative in Frameworks */ = {isa = PBXBuildFile; productRef = FE981DD22CB95BE1002294A3 /* HotwireNative */; };
/* End PBXBuildFile section */

/* Begin PBXContainerItemProxy section */
		FE981DB42CB95BA7002294A3 /* PBXContainerItemProxy */ = {
			isa = PBXContainerItemProxy;
			containerPortal = FE981D952CB95BA6002294A3 /* Project object */;
			proxyType = 1;
			remoteGlobalIDString = FE981D9C2CB95BA6002294A3;
			remoteInfo = hotwire_native_ios;
		};
		FE981DBE2CB95BA7002294A3 /* PBXContainerItemProxy */ = {
			isa = PBXContainerItemProxy;
			containerPortal = FE981D952CB95BA6002294A3 /* Project object */;
			proxyType = 1;
			remoteGlobalIDString = FE981D9C2CB95BA6002294A3;
			remoteInfo = hotwire_native_ios;
		};
/* End PBXContainerItemProxy section */

/* Begin PBXFileReference section */
		FE981D9D2CB95BA6002294A3 /* hotwire_native_ios.app */ = {isa = PBXFileReference; explicitFileType = wrapper.application; includeInIndex = 0; path = hotwire_native_ios.app; sourceTree = BUILT_PRODUCTS_DIR; };
		FE981DB32CB95BA7002294A3 /* hotwire_native_iosTests.xctest */ = {isa = PBXFileReference; explicitFileType = wrapper.cfbundle; includeInIndex = 0; path = hotwire_native_iosTests.xctest; sourceTree = BUILT_PRODUCTS_DIR; };
		FE981DBD2CB95BA7002294A3 /* hotwire_native_iosUITests.xctest */ = {isa = PBXFileReference; explicitFileType = wrapper.cfbundle; includeInIndex = 0; path = hotwire_native_iosUITests.xctest; sourceTree = BUILT_PRODUCTS_DIR; };
/* End PBXFileReference section */

/* Begin PBXFileSystemSynchronizedBuildFileExceptionSet section */
		FE981DC52CB95BA7002294A3 /* Exceptions for "hotwire_native_ios" folder in "hotwire_native_ios" target */ = {
			isa = PBXFileSystemSynchronizedBuildFileExceptionSet;
			membershipExceptions = (
				Info.plist,
			);
			target = FE981D9C2CB95BA6002294A3 /* hotwire_native_ios */;
		};
/* End PBXFileSystemSynchronizedBuildFileExceptionSet section */

/* Begin PBXFileSystemSynchronizedRootGroup section */
		FE981D9F2CB95BA6002294A3 /* hotwire_native_ios */ = {
			isa = PBXFileSystemSynchronizedRootGroup;
			exceptions = (
				FE981DC52CB95BA7002294A3 /* Exceptions for "hotwire_native_ios" folder in "hotwire_native_ios" target */,
			);
			path = hotwire_native_ios;
			sourceTree = "<group>";
		};
		FE981DB62CB95BA7002294A3 /* hotwire_native_iosTests */ = {
			isa = PBXFileSystemSynchronizedRootGroup;
			path = hotwire_native_iosTests;
			sourceTree = "<group>";
		};
		FE981DC02CB95BA7002294A3 /* hotwire_native_iosUITests */ = {
			isa = PBXFileSystemSynchronizedRootGroup;
			path = hotwire_native_iosUITests;
			sourceTree = "<group>";
		};
/* End PBXFileSystemSynchronizedRootGroup section */

/* Begin PBXFrameworksBuildPhase section */
		FE981D9A2CB95BA6002294A3 /* Frameworks */ = {
			isa = PBXFrameworksBuildPhase;
			buildActionMask = 2147483647;
			files = (
				FE981DD32CB95BE1002294A3 /* HotwireNative in Frameworks */,
			);
			runOnlyForDeploymentPostprocessing = 0;
		};
		FE981DB02CB95BA7002294A3 /* Frameworks */ = {
			isa = PBXFrameworksBuildPhase;
			buildActionMask = 2147483647;
			files = (
			);
			runOnlyForDeploymentPostprocessing = 0;
		};
		FE981DBA2CB95BA7002294A3 /* Frameworks */ = {
			isa = PBXFrameworksBuildPhase;
			buildActionMask = 2147483647;
			files = (
			);
			runOnlyForDeploymentPostprocessing = 0;
		};
/* End PBXFrameworksBuildPhase section */

/* Begin PBXGroup section */
		FE981D942CB95BA6002294A3 = {
			isa = PBXGroup;
			children = (
				FE981D9F2CB95BA6002294A3 /* hotwire_native_ios */,
				FE981DB62CB95BA7002294A3 /* hotwire_native_iosTests */,
				FE981DC02CB95BA7002294A3 /* hotwire_native_iosUITests */,
				FE981D9E2CB95BA6002294A3 /* Products */,
			);
			sourceTree = "<group>";
		};
		FE981D9E2CB95BA6002294A3 /* Products */ = {
			isa = PBXGroup;
			children = (
				FE981D9D2CB95BA6002294A3 /* hotwire_native_ios.app */,
				FE981DB32CB95BA7002294A3 /* hotwire_native_iosTests.xctest */,
				FE981DBD2CB95BA7002294A3 /* hotwire_native_iosUITests.xctest */,
			);
			name = Products;
			sourceTree = "<group>";
		};
/* End PBXGroup section */

/* Begin PBXNativeTarget section */
		FE981D9C2CB95BA6002294A3 /* hotwire_native_ios */ = {
			isa = PBXNativeTarget;
			buildConfigurationList = FE981DC62CB95BA7002294A3 /* Build configuration list for PBXNativeTarget "hotwire_native_ios" */;
			buildPhases = (
				FE981D992CB95BA6002294A3 /* Sources */,
				FE981D9A2CB95BA6002294A3 /* Frameworks */,
				FE981D9B2CB95BA6002294A3 /* Resources */,
			);
			buildRules = (
			);
			dependencies = (
			);
			fileSystemSynchronizedGroups = (
				FE981D9F2CB95BA6002294A3 /* hotwire_native_ios */,
			);
			name = hotwire_native_ios;
			packageProductDependencies = (
				FE981DD22CB95BE1002294A3 /* HotwireNative */,
			);
			productName = hotwire_native_ios;
			productReference = FE981D9D2CB95BA6002294A3 /* hotwire_native_ios.app */;
			productType = "com.apple.product-type.application";
		};
		FE981DB22CB95BA7002294A3 /* hotwire_native_iosTests */ = {
			isa = PBXNativeTarget;
			buildConfigurationList = FE981DCB2CB95BA7002294A3 /* Build configuration list for PBXNativeTarget "hotwire_native_iosTests" */;
			buildPhases = (
				FE981DAF2CB95BA7002294A3 /* Sources */,
				FE981DB02CB95BA7002294A3 /* Frameworks */,
				FE981DB12CB95BA7002294A3 /* Resources */,
			);
			buildRules = (
			);
			dependencies = (
				FE981DB52CB95BA7002294A3 /* PBXTargetDependency */,
			);
			fileSystemSynchronizedGroups = (
				FE981DB62CB95BA7002294A3 /* hotwire_native_iosTests */,
			);
			name = hotwire_native_iosTests;
			packageProductDependencies = (
			);
			productName = hotwire_native_iosTests;
			productReference = FE981DB32CB95BA7002294A3 /* hotwire_native_iosTests.xctest */;
			productType = "com.apple.product-type.bundle.unit-test";
		};
		FE981DBC2CB95BA7002294A3 /* hotwire_native_iosUITests */ = {
			isa = PBXNativeTarget;
			buildConfigurationList = FE981DCE2CB95BA7002294A3 /* Build configuration list for PBXNativeTarget "hotwire_native_iosUITests" */;
			buildPhases = (
				FE981DB92CB95BA7002294A3 /* Sources */,
				FE981DBA2CB95BA7002294A3 /* Frameworks */,
				FE981DBB2CB95BA7002294A3 /* Resources */,
			);
			buildRules = (
			);
			dependencies = (
				FE981DBF2CB95BA7002294A3 /* PBXTargetDependency */,
			);
			fileSystemSynchronizedGroups = (
				FE981DC02CB95BA7002294A3 /* hotwire_native_iosUITests */,
			);
			name = hotwire_native_iosUITests;
			packageProductDependencies = (
			);
			productName = hotwire_native_iosUITests;
			productReference = FE981DBD2CB95BA7002294A3 /* hotwire_native_iosUITests.xctest */;
			productType = "com.apple.product-type.bundle.ui-testing";
		};
/* End PBXNativeTarget section */

/* Begin PBXProject section */
		FE981D952CB95BA6002294A3 /* Project object */ = {
			isa = PBXProject;
			attributes = {
				BuildIndependentTargetsInParallel = 1;
				LastSwiftUpdateCheck = 1600;
				LastUpgradeCheck = 1600;
				TargetAttributes = {
					FE981D9C2CB95BA6002294A3 = {
						CreatedOnToolsVersion = 16.0;
					};
					FE981DB22CB95BA7002294A3 = {
						CreatedOnToolsVersion = 16.0;
						TestTargetID = FE981D9C2CB95BA6002294A3;
					};
					FE981DBC2CB95BA7002294A3 = {
						CreatedOnToolsVersion = 16.0;
						TestTargetID = FE981D9C2CB95BA6002294A3;
					};
				};
			};
			buildConfigurationList = FE981D982CB95BA6002294A3 /* Build configuration list for PBXProject "hotwire_native_ios" */;
			developmentRegion = en;
			hasScannedForEncodings = 0;
			knownRegions = (
				en,
				Base,
			);
			mainGroup = FE981D942CB95BA6002294A3;
			minimizedProjectReferenceProxies = 1;
			packageReferences = (
				FE981DD12CB95BE1002294A3 /* XCRemoteSwiftPackageReference "hotwire-native-ios" */,
			);
			preferredProjectObjectVersion = 77;
			productRefGroup = FE981D9E2CB95BA6002294A3 /* Products */;
			projectDirPath = "";
			projectRoot = "";
			targets = (
				FE981D9C2CB95BA6002294A3 /* hotwire_native_ios */,
				FE981DB22CB95BA7002294A3 /* hotwire_native_iosTests */,
				FE981DBC2CB95BA7002294A3 /* hotwire_native_iosUITests */,
			);
		};
/* End PBXProject section */

/* Begin PBXResourcesBuildPhase section */
		FE981D9B2CB95BA6002294A3 /* Resources */ = {
			isa = PBXResourcesBuildPhase;
			buildActionMask = 2147483647;
			files = (
			);
			runOnlyForDeploymentPostprocessing = 0;
		};
		FE981DB12CB95BA7002294A3 /* Resources */ = {
			isa = PBXResourcesBuildPhase;
			buildActionMask = 2147483647;
			files = (
			);
			runOnlyForDeploymentPostprocessing = 0;
		};
		FE981DBB2CB95BA7002294A3 /* Resources */ = {
			isa = PBXResourcesBuildPhase;
			buildActionMask = 2147483647;
			files = (
			);
			runOnlyForDeploymentPostprocessing = 0;
		};
/* End PBXResourcesBuildPhase section */

/* Begin PBXSourcesBuildPhase section */
		FE981D992CB95BA6002294A3 /* Sources */ = {
			isa = PBXSourcesBuildPhase;
			buildActionMask = 2147483647;
			files = (
			);
			runOnlyForDeploymentPostprocessing = 0;
		};
		FE981DAF2CB95BA7002294A3 /* Sources */ = {
			isa = PBXSourcesBuildPhase;
			buildActionMask = 2147483647;
			files = (
			);
			runOnlyForDeploymentPostprocessing = 0;
		};
		FE981DB92CB95BA7002294A3 /* Sources */ = {
			isa = PBXSourcesBuildPhase;
			buildActionMask = 2147483647;
			files = (
			);
			runOnlyForDeploymentPostprocessing = 0;
		};
/* End PBXSourcesBuildPhase section */

/* Begin PBXTargetDependency section */
		FE981DB52CB95BA7002294A3 /* PBXTargetDependency */ = {
			isa = PBXTargetDependency;
			target = FE981D9C2CB95BA6002294A3 /* hotwire_native_ios */;
			targetProxy = FE981DB42CB95BA7002294A3 /* PBXContainerItemProxy */;
		};
		FE981DBF2CB95BA7002294A3 /* PBXTargetDependency */ = {
			isa = PBXTargetDependency;
			target = FE981D9C2CB95BA6002294A3 /* hotwire_native_ios */;
			targetProxy = FE981DBE2CB95BA7002294A3 /* PBXContainerItemProxy */;
		};
/* End PBXTargetDependency section */

/* Begin XCBuildConfiguration section */
		FE981DC72CB95BA7002294A3 /* Debug */ = {
			isa = XCBuildConfiguration;
			buildSettings = {
				ASSETCATALOG_COMPILER_APPICON_NAME = AppIcon;
				ASSETCATALOG_COMPILER_GLOBAL_ACCENT_COLOR_NAME = AccentColor;
				CODE_SIGN_STYLE = Automatic;
				CURRENT_PROJECT_VERSION = 1;
				DEVELOPMENT_TEAM = Z48N4YUHBF;
				GENERATE_INFOPLIST_FILE = YES;
				INFOPLIST_FILE = hotwire_native_ios/Info.plist;
				INFOPLIST_KEY_UIApplicationSupportsIndirectInputEvents = YES;
				INFOPLIST_KEY_UILaunchStoryboardName = LaunchScreen;
				INFOPLIST_KEY_UIMainStoryboardFile = "";
				INFOPLIST_KEY_UISupportedInterfaceOrientations_iPad = "UIInterfaceOrientationPortrait UIInterfaceOrientationPortraitUpsideDown UIInterfaceOrientationLandscapeLeft UIInterfaceOrientationLandscapeRight";
				INFOPLIST_KEY_UISupportedInterfaceOrientations_iPhone = "UIInterfaceOrientationPortrait UIInterfaceOrientationLandscapeLeft UIInterfaceOrientationLandscapeRight";
				LD_RUNPATH_SEARCH_PATHS = (
					"$(inherited)",
					"@executable_path/Frameworks",
				);
				MARKETING_VERSION = 1.0;
				PRODUCT_BUNDLE_IDENTIFIER = "com.helmethead.ie.hotwire-native-ios";
				PRODUCT_NAME = "$(TARGET_NAME)";
				SWIFT_EMIT_LOC_STRINGS = YES;
				SWIFT_VERSION = 5.0;
				TARGETED_DEVICE_FAMILY = "1,2";
			};
			name = Debug;
		};
		FE981DC82CB95BA7002294A3 /* Release */ = {
			isa = XCBuildConfiguration;
			buildSettings = {
				ASSETCATALOG_COMPILER_APPICON_NAME = AppIcon;
				ASSETCATALOG_COMPILER_GLOBAL_ACCENT_COLOR_NAME = AccentColor;
				CODE_SIGN_STYLE = Automatic;
				CURRENT_PROJECT_VERSION = 1;
				DEVELOPMENT_TEAM = Z48N4YUHBF;
				GENERATE_INFOPLIST_FILE = YES;
				INFOPLIST_FILE = hotwire_native_ios/Info.plist;
				INFOPLIST_KEY_UIApplicationSupportsIndirectInputEvents = YES;
				INFOPLIST_KEY_UILaunchStoryboardName = LaunchScreen;
				INFOPLIST_KEY_UIMainStoryboardFile = "";
				INFOPLIST_KEY_UISupportedInterfaceOrientations_iPad = "UIInterfaceOrientationPortrait UIInterfaceOrientationPortraitUpsideDown UIInterfaceOrientationLandscapeLeft UIInterfaceOrientationLandscapeRight";
				INFOPLIST_KEY_UISupportedInterfaceOrientations_iPhone = "UIInterfaceOrientationPortrait UIInterfaceOrientationLandscapeLeft UIInterfaceOrientationLandscapeRight";
				LD_RUNPATH_SEARCH_PATHS = (
					"$(inherited)",
					"@executable_path/Frameworks",
				);
				MARKETING_VERSION = 1.0;
				PRODUCT_BUNDLE_IDENTIFIER = "com.helmethead.ie.hotwire-native-ios";
				PRODUCT_NAME = "$(TARGET_NAME)";
				SWIFT_EMIT_LOC_STRINGS = YES;
				SWIFT_VERSION = 5.0;
				TARGETED_DEVICE_FAMILY = "1,2";
			};
			name = Release;
		};
		FE981DC92CB95BA7002294A3 /* Debug */ = {
			isa = XCBuildConfiguration;
			buildSettings = {
				ALWAYS_SEARCH_USER_PATHS = NO;
				ASSETCATALOG_COMPILER_GENERATE_SWIFT_ASSET_SYMBOL_EXTENSIONS = YES;
				CLANG_ANALYZER_NONNULL = YES;
				CLANG_ANALYZER_NUMBER_OBJECT_CONVERSION = YES_AGGRESSIVE;
				CLANG_CXX_LANGUAGE_STANDARD = "gnu++20";
				CLANG_ENABLE_MODULES = YES;
				CLANG_ENABLE_OBJC_ARC = YES;
				CLANG_ENABLE_OBJC_WEAK = YES;
				CLANG_WARN_BLOCK_CAPTURE_AUTORELEASING = YES;
				CLANG_WARN_BOOL_CONVERSION = YES;
				CLANG_WARN_COMMA = YES;
				CLANG_WARN_CONSTANT_CONVERSION = YES;
				CLANG_WARN_DEPRECATED_OBJC_IMPLEMENTATIONS = YES;
				CLANG_WARN_DIRECT_OBJC_ISA_USAGE = YES_ERROR;
				CLANG_WARN_DOCUMENTATION_COMMENTS = YES;
				CLANG_WARN_EMPTY_BODY = YES;
				CLANG_WARN_ENUM_CONVERSION = YES;
				CLANG_WARN_INFINITE_RECURSION = YES;
				CLANG_WARN_INT_CONVERSION = YES;
				CLANG_WARN_NON_LITERAL_NULL_CONVERSION = YES;
				CLANG_WARN_OBJC_IMPLICIT_RETAIN_SELF = YES;
				CLANG_WARN_OBJC_LITERAL_CONVERSION = YES;
				CLANG_WARN_OBJC_ROOT_CLASS = YES_ERROR;
				CLANG_WARN_QUOTED_INCLUDE_IN_FRAMEWORK_HEADER = YES;
				CLANG_WARN_RANGE_LOOP_ANALYSIS = YES;
				CLANG_WARN_STRICT_PROTOTYPES = YES;
				CLANG_WARN_SUSPICIOUS_MOVE = YES;
				CLANG_WARN_UNGUARDED_AVAILABILITY = YES_AGGRESSIVE;
				CLANG_WARN_UNREACHABLE_CODE = YES;
				CLANG_WARN__DUPLICATE_METHOD_MATCH = YES;
				COPY_PHASE_STRIP = NO;
				DEBUG_INFORMATION_FORMAT = dwarf;
				ENABLE_STRICT_OBJC_MSGSEND = YES;
				ENABLE_TESTABILITY = YES;
				ENABLE_USER_SCRIPT_SANDBOXING = YES;
				GCC_C_LANGUAGE_STANDARD = gnu17;
				GCC_DYNAMIC_NO_PIC = NO;
				GCC_NO_COMMON_BLOCKS = YES;
				GCC_OPTIMIZATION_LEVEL = 0;
				GCC_PREPROCESSOR_DEFINITIONS = (
					"DEBUG=1",
					"$(inherited)",
				);
				GCC_WARN_64_TO_32_BIT_CONVERSION = YES;
				GCC_WARN_ABOUT_RETURN_TYPE = YES_ERROR;
				GCC_WARN_UNDECLARED_SELECTOR = YES;
				GCC_WARN_UNINITIALIZED_AUTOS = YES_AGGRESSIVE;
				GCC_WARN_UNUSED_FUNCTION = YES;
				GCC_WARN_UNUSED_VARIABLE = YES;
				IPHONEOS_DEPLOYMENT_TARGET = 18.0;
				LOCALIZATION_PREFERS_STRING_CATALOGS = YES;
				MTL_ENABLE_DEBUG_INFO = INCLUDE_SOURCE;
				MTL_FAST_MATH = YES;
				ONLY_ACTIVE_ARCH = YES;
				SDKROOT = iphoneos;
				SWIFT_ACTIVE_COMPILATION_CONDITIONS = "DEBUG $(inherited)";
				SWIFT_OPTIMIZATION_LEVEL = "-Onone";
			};
			name = Debug;
		};
		FE981DCA2CB95BA7002294A3 /* Release */ = {
			isa = XCBuildConfiguration;
			buildSettings = {
				ALWAYS_SEARCH_USER_PATHS = NO;
				ASSETCATALOG_COMPILER_GENERATE_SWIFT_ASSET_SYMBOL_EXTENSIONS = YES;
				CLANG_ANALYZER_NONNULL = YES;
				CLANG_ANALYZER_NUMBER_OBJECT_CONVERSION = YES_AGGRESSIVE;
				CLANG_CXX_LANGUAGE_STANDARD = "gnu++20";
				CLANG_ENABLE_MODULES = YES;
				CLANG_ENABLE_OBJC_ARC = YES;
				CLANG_ENABLE_OBJC_WEAK = YES;
				CLANG_WARN_BLOCK_CAPTURE_AUTORELEASING = YES;
				CLANG_WARN_BOOL_CONVERSION = YES;
				CLANG_WARN_COMMA = YES;
				CLANG_WARN_CONSTANT_CONVERSION = YES;
				CLANG_WARN_DEPRECATED_OBJC_IMPLEMENTATIONS = YES;
				CLANG_WARN_DIRECT_OBJC_ISA_USAGE = YES_ERROR;
				CLANG_WARN_DOCUMENTATION_COMMENTS = YES;
				CLANG_WARN_EMPTY_BODY = YES;
				CLANG_WARN_ENUM_CONVERSION = YES;
				CLANG_WARN_INFINITE_RECURSION = YES;
				CLANG_WARN_INT_CONVERSION = YES;
				CLANG_WARN_NON_LITERAL_NULL_CONVERSION = YES;
				CLANG_WARN_OBJC_IMPLICIT_RETAIN_SELF = YES;
				CLANG_WARN_OBJC_LITERAL_CONVERSION = YES;
				CLANG_WARN_OBJC_ROOT_CLASS = YES_ERROR;
				CLANG_WARN_QUOTED_INCLUDE_IN_FRAMEWORK_HEADER = YES;
				CLANG_WARN_RANGE_LOOP_ANALYSIS = YES;
				CLANG_WARN_STRICT_PROTOTYPES = YES;
				CLANG_WARN_SUSPICIOUS_MOVE = YES;
				CLANG_WARN_UNGUARDED_AVAILABILITY = YES_AGGRESSIVE;
				CLANG_WARN_UNREACHABLE_CODE = YES;
				CLANG_WARN__DUPLICATE_METHOD_MATCH = YES;
				COPY_PHASE_STRIP = NO;
				DEBUG_INFORMATION_FORMAT = "dwarf-with-dsym";
				ENABLE_NS_ASSERTIONS = NO;
				ENABLE_STRICT_OBJC_MSGSEND = YES;
				ENABLE_USER_SCRIPT_SANDBOXING = YES;
				GCC_C_LANGUAGE_STANDARD = gnu17;
				GCC_NO_COMMON_BLOCKS = YES;
				GCC_WARN_64_TO_32_BIT_CONVERSION = YES;
				GCC_WARN_ABOUT_RETURN_TYPE = YES_ERROR;
				GCC_WARN_UNDECLARED_SELECTOR = YES;
				GCC_WARN_UNINITIALIZED_AUTOS = YES_AGGRESSIVE;
				GCC_WARN_UNUSED_FUNCTION = YES;
				GCC_WARN_UNUSED_VARIABLE = YES;
				IPHONEOS_DEPLOYMENT_TARGET = 18.0;
				LOCALIZATION_PREFERS_STRING_CATALOGS = YES;
				MTL_ENABLE_DEBUG_INFO = NO;
				MTL_FAST_MATH = YES;
				SDKROOT = iphoneos;
				SWIFT_COMPILATION_MODE = wholemodule;
				VALIDATE_PRODUCT = YES;
			};
			name = Release;
		};
		FE981DCC2CB95BA7002294A3 /* Debug */ = {
			isa = XCBuildConfiguration;
			buildSettings = {
				BUNDLE_LOADER = "$(TEST_HOST)";
				CODE_SIGN_STYLE = Automatic;
				CURRENT_PROJECT_VERSION = 1;
				DEVELOPMENT_TEAM = Z48N4YUHBF;
				GENERATE_INFOPLIST_FILE = YES;
				IPHONEOS_DEPLOYMENT_TARGET = 18.0;
				MARKETING_VERSION = 1.0;
				PRODUCT_BUNDLE_IDENTIFIER = "com.helmethead.ie.hotwire-native-iosTests";
				PRODUCT_NAME = "$(TARGET_NAME)";
				SWIFT_EMIT_LOC_STRINGS = NO;
				SWIFT_VERSION = 5.0;
				TARGETED_DEVICE_FAMILY = "1,2";
				TEST_HOST = "$(BUILT_PRODUCTS_DIR)/hotwire_native_ios.app/$(BUNDLE_EXECUTABLE_FOLDER_PATH)/hotwire_native_ios";
			};
			name = Debug;
		};
		FE981DCD2CB95BA7002294A3 /* Release */ = {
			isa = XCBuildConfiguration;
			buildSettings = {
				BUNDLE_LOADER = "$(TEST_HOST)";
				CODE_SIGN_STYLE = Automatic;
				CURRENT_PROJECT_VERSION = 1;
				DEVELOPMENT_TEAM = Z48N4YUHBF;
				GENERATE_INFOPLIST_FILE = YES;
				IPHONEOS_DEPLOYMENT_TARGET = 18.0;
				MARKETING_VERSION = 1.0;
				PRODUCT_BUNDLE_IDENTIFIER = "com.helmethead.ie.hotwire-native-iosTests";
				PRODUCT_NAME = "$(TARGET_NAME)";
				SWIFT_EMIT_LOC_STRINGS = NO;
				SWIFT_VERSION = 5.0;
				TARGETED_DEVICE_FAMILY = "1,2";
				TEST_HOST = "$(BUILT_PRODUCTS_DIR)/hotwire_native_ios.app/$(BUNDLE_EXECUTABLE_FOLDER_PATH)/hotwire_native_ios";
			};
			name = Release;
		};
		FE981DCF2CB95BA7002294A3 /* Debug */ = {
			isa = XCBuildConfiguration;
			buildSettings = {
				CODE_SIGN_STYLE = Automatic;
				CURRENT_PROJECT_VERSION = 1;
				DEVELOPMENT_TEAM = Z48N4YUHBF;
				GENERATE_INFOPLIST_FILE = YES;
				MARKETING_VERSION = 1.0;
				PRODUCT_BUNDLE_IDENTIFIER = "com.helmethead.ie.hotwire-native-iosUITests";
				PRODUCT_NAME = "$(TARGET_NAME)";
				SWIFT_EMIT_LOC_STRINGS = NO;
				SWIFT_VERSION = 5.0;
				TARGETED_DEVICE_FAMILY = "1,2";
				TEST_TARGET_NAME = hotwire_native_ios;
			};
			name = Debug;
		};
		FE981DD02CB95BA7002294A3 /* Release */ = {
			isa = XCBuildConfiguration;
			buildSettings = {
				CODE_SIGN_STYLE = Automatic;
				CURRENT_PROJECT_VERSION = 1;
				DEVELOPMENT_TEAM = Z48N4YUHBF;
				GENERATE_INFOPLIST_FILE = YES;
				MARKETING_VERSION = 1.0;
				PRODUCT_BUNDLE_IDENTIFIER = "com.helmethead.ie.hotwire-native-iosUITests";
				PRODUCT_NAME = "$(TARGET_NAME)";
				SWIFT_EMIT_LOC_STRINGS = NO;
				SWIFT_VERSION = 5.0;
				TARGETED_DEVICE_FAMILY = "1,2";
				TEST_TARGET_NAME = hotwire_native_ios;
			};
			name = Release;
		};
/* End XCBuildConfiguration section */

/* Begin XCConfigurationList section */
		FE981D982CB95BA6002294A3 /* Build configuration list for PBXProject "hotwire_native_ios" */ = {
			isa = XCConfigurationList;
			buildConfigurations = (
				FE981DC92CB95BA7002294A3 /* Debug */,
				FE981DCA2CB95BA7002294A3 /* Release */,
			);
			defaultConfigurationIsVisible = 0;
			defaultConfigurationName = Release;
		};
		FE981DC62CB95BA7002294A3 /* Build configuration list for PBXNativeTarget "hotwire_native_ios" */ = {
			isa = XCConfigurationList;
			buildConfigurations = (
				FE981DC72CB95BA7002294A3 /* Debug */,
				FE981DC82CB95BA7002294A3 /* Release */,
			);
			defaultConfigurationIsVisible = 0;
			defaultConfigurationName = Release;
		};
		FE981DCB2CB95BA7002294A3 /* Build configuration list for PBXNativeTarget "hotwire_native_iosTests" */ = {
			isa = XCConfigurationList;
			buildConfigurations = (
				FE981DCC2CB95BA7002294A3 /* Debug */,
				FE981DCD2CB95BA7002294A3 /* Release */,
			);
			defaultConfigurationIsVisible = 0;
			defaultConfigurationName = Release;
		};
		FE981DCE2CB95BA7002294A3 /* Build configuration list for PBXNativeTarget "hotwire_native_iosUITests" */ = {
			isa = XCConfigurationList;
			buildConfigurations = (
				FE981DCF2CB95BA7002294A3 /* Debug */,
				FE981DD02CB95BA7002294A3 /* Release */,
			);
			defaultConfigurationIsVisible = 0;
			defaultConfigurationName = Release;
		};
/* End XCConfigurationList section */

/* Begin XCRemoteSwiftPackageReference section */
		FE981DD12CB95BE1002294A3 /* XCRemoteSwiftPackageReference "hotwire-native-ios" */ = {
			isa = XCRemoteSwiftPackageReference;
			repositoryURL = "https://github.com/hotwired/hotwire-native-ios";
			requirement = {
				kind = upToNextMajorVersion;
				minimumVersion = 1.0.0;
			};
		};
/* End XCRemoteSwiftPackageReference section */

/* Begin XCSwiftPackageProductDependency section */
		FE981DD22CB95BE1002294A3 /* HotwireNative */ = {
			isa = XCSwiftPackageProductDependency;
			package = FE981DD12CB95BE1002294A3 /* XCRemoteSwiftPackageReference "hotwire-native-ios" */;
			productName = HotwireNative;
		};
/* End XCSwiftPackageProductDependency section */
	};
	rootObject = FE981D952CB95BA6002294A3 /* Project object */;
}
